
Microsoft Visual Studio Solution File, Format Version 12.00
# Visual Studio Version 17
VisualStudioVersion = 17.14.36414.22 d17.14
MinimumVisualStudioVersion = 10.0.40219.1
Project("{2150E333-8FDC-42A3-9474-1A3956D46DE8}") = "Task0", "Task0", "{02EA681E-C7D8-13C7-8484-4AC65E1B71E8}"
EndProject
Project("{FAE04EC0-301F-11D3-BF4B-00C04F79EFBC}") = "Tyuiu.AlekseevaVA.Sprint4.Task0.V26", "Tyuiu.AlekseevaVA.Sprint4.Task0.V26\Tyuiu.AlekseevaVA.Sprint4.Task0.V26.csproj", "{64EC1A2F-2F9F-4505-9BB2-B1B20D3C1461}"
EndProject
Project("{FAE04EC0-301F-11D3-BF4B-00C04F79EFBC}") = "Tyuiu.AlekseevaVA.Sprint4.Task0.V26.Lib", "Tyuiu.AlekseevaVA.Sprint4.Task0.V26.Lib\Tyuiu.AlekseevaVA.Sprint4.Task0.V26.Lib.csproj", "{2146F819-92E8-4A1E-9085-2B9126312F79}"
EndProject
Project("{FAE04EC0-301F-11D3-BF4B-00C04F79EFBC}") = "Tyuiu.AlekseevaVA.Sprint4.Task0.V26.Test", "Tyuiu.AlekseevaVA.Sprint4.Task0.V26.Test\Tyuiu.AlekseevaVA.Sprint4.Task0.V26.Test.csproj", "{060CE2EA-FFAE-4DBF-99EC-ED7D68E2D821}"
EndProject
Project("{2150E333-8FDC-42A3-9474-1A3956D46DE8}") = "Task1", "Task1", "{9C4EDCDA-D33C-435E-96E5-E0BB0AD52DC9}"
EndProject
Project("{FAE04EC0-301F-11D3-BF4B-00C04F79EFBC}") = "Tyuiu.AlekseevaVA.Sprint4.Task1.V26", "Tyuiu.AlekseevaVA.Sprint4.Task1.V26\Tyuiu.AlekseevaVA.Sprint4.Task1.V26.csproj", "{F011298E-07EE-40B5-B185-482E2B3C6CE8}"
EndProject
Project("{FAE04EC0-301F-11D3-BF4B-00C04F79EFBC}") = "Tyuiu.AlekseevaVA.Sprint4.Task1.V26.Lib", "Tyuiu.AlekseevaVA.Sprint4.Task1.V26.Lib\Tyuiu.AlekseevaVA.Sprint4.Task1.V26.Lib.csproj", "{536D443D-4EDA-4A45-995E-BB118996974D}"
EndProject
Project("{FAE04EC0-301F-11D3-BF4B-00C04F79EFBC}") = "Tyuiu.AlekseevaVA.Sprint4.Task1.V26.Test", "Tyuiu.AlekseevaVA.Sprint4.Task1.V26.Test\Tyuiu.AlekseevaVA.Sprint4.Task1.V26.Test.csproj", "{0969A340-E2A2-4261-B3D5-09CB3CE50B99}"
EndProject
Project("{2150E333-8FDC-42A3-9474-1A3956D46DE8}") = "Task2", "Task2", "{CE10B437-3307-4A2A-8949-DCA5177787DB}"
EndProject
Project("{FAE04EC0-301F-11D3-BF4B-00C04F79EFBC}") = "Tyuiu.AlekseevaVA.Sprint4.Task2.V12", "Tyuiu.AlekseevaVA.Sprint4.Task2.V12\Tyuiu.AlekseevaVA.Sprint4.Task2.V12.csproj", "{CDF8E150-2C4E-42B0-B55B-E783265D0E18}"
EndProject
Project("{FAE04EC0-301F-11D3-BF4B-00C04F79EFBC}") = "Tyuiu.AlekseevaVA.Sprint4.Task2.V12.Lib", "Tyuiu.AlekseevaVA.Sprint4.Task2.V12.Lib\Tyuiu.AlekseevaVA.Sprint4.Task2.V12.Lib.csproj", "{868CB4C8-1656-4CB2-BDC5-E35EC2100999}"
EndProject
Project("{FAE04EC0-301F-11D3-BF4B-00C04F79EFBC}") = "Tyuiu.AlekseevaVA.Sprint4.Task2.V12.Test", "Tyuiu.AlekseevaVA.Sprint4.Task2.V12.Test\Tyuiu.AlekseevaVA.Sprint4.Task2.V12.Test.csproj", "{2D460036-FA1F-439B-88A6-39A751B40850}"
EndProject
Project("{2150E333-8FDC-42A3-9474-1A3956D46DE8}") = "Task3", "Task3", "{AF202448-6A78-4D4E-A09D-B57A9C9DCA6B}"
EndProject
Project("{FAE04EC0-301F-11D3-BF4B-00C04F79EFBC}") = "Tyuiu.AlekseevaVA.Sprint4.Task3.V7", "Tyuiu.AlekseevaVA.Sprint4.Task3.V7\Tyuiu.AlekseevaVA.Sprint4.Task3.V7.csproj", "{D8399CFF-DD8D-4975-AC4D-F646D5F39B04}"
EndProject
Project("{FAE04EC0-301F-11D3-BF4B-00C04F79EFBC}") = "Tyuiu.AlekseevaVA.Sprint4.Task3.V7.Lib", "Tyuiu.AlekseevaVA.Sprint4.Task3.V7.Lib\Tyuiu.AlekseevaVA.Sprint4.Task3.V7.Lib.csproj", "{F62FF846-742A-49F6-AD78-88E770C87B87}"
EndProject
Project("{FAE04EC0-301F-11D3-BF4B-00C04F79EFBC}") = "Tyuiu.AlekseevaVA.Sprint4.Task3.V7.Test", "Tyuiu.AlekseevaVA.Sprint4.Task3.V7.Test\Tyuiu.AlekseevaVA.Sprint4.Task3.V7.Test.csproj", "{E83471F5-3A1A-476D-AB91-8EB551D55492}"
EndProject
Project("{2150E333-8FDC-42A3-9474-1A3956D46DE8}") = "Task4", "Task4", "{A02032D9-FD97-46C7-947B-A0C48794253F}"
EndProject
Project("{FAE04EC0-301F-11D3-BF4B-00C04F79EFBC}") = "Tyuiu.AlekseevaVA.Sprint4.Task4.V18", "Tyuiu.AlekseevaVA.Sprint4.Task4.V18\Tyuiu.AlekseevaVA.Sprint4.Task4.V18.csproj", "{9312403F-2E3B-4149-87CD-993F3BCF6546}"
EndProject
Project("{FAE04EC0-301F-11D3-BF4B-00C04F79EFBC}") = "Tyuiu.AlekseevaVA.Sprint4.Task4.V18.Lib", "Tyuiu.AlekseevaVA.Sprint4.Task4.V18.Lib\Tyuiu.AlekseevaVA.Sprint4.Task4.V18.Lib.csproj", "{859184F2-5355-4B56-B49B-F61EDC6DFDCB}"
EndProject
Project("{FAE04EC0-301F-11D3-BF4B-00C04F79EFBC}") = "Tyuiu.AlekseevaVA.Sprint4.Task4.V18.Test", "Tyuiu.AlekseevaVA.Sprint4.Task4.V18.Test\Tyuiu.AlekseevaVA.Sprint4.Task4.V18.Test.csproj", "{606FFB98-B3F8-47DA-9077-1A90406D4524}"
EndProject
Project("{2150E333-8FDC-42A3-9474-1A3956D46DE8}") = "Task5", "Task5", "{04264776-5B4E-4B85-871E-86338C236CF7}"
EndProject
Project("{FAE04EC0-301F-11D3-BF4B-00C04F79EFBC}") = "Tyuiu.AlekseevaVA.Sprint4.Task5.V30", "Tyuiu.AlekseevaVA.Sprint4.Task5.V30\Tyuiu.AlekseevaVA.Sprint4.Task5.V30.csproj", "{71B68102-01C4-43B2-A76F-C38D154CAC4E}"
EndProject
Project("{FAE04EC0-301F-11D3-BF4B-00C04F79EFBC}") = "Tyuiu.AlekseevaVA.Sprint4.Task5.V30.Lib", "Tyuiu.AlekseevaVA.Sprint4.Task5.V30.Lib\Tyuiu.AlekseevaVA.Sprint4.Task5.V30.Lib.csproj", "{A2F61F81-1456-4470-8AA5-A29E59A3152F}"
EndProject
Project("{FAE04EC0-301F-11D3-BF4B-00C04F79EFBC}") = "Tyuiu.AlekseevaVA.Sprint4.Task5.V30.Test", "Tyuiu.AlekseevaVA.Sprint4.Task5.V30.Test\Tyuiu.AlekseevaVA.Sprint4.Task5.V30.Test.csproj", "{92A02174-7F21-4827-8083-376049A55AC1}"
EndProject
Global
	GlobalSection(SolutionConfigurationPlatforms) = preSolution
		Debug|Any CPU = Debug|Any CPU
		Release|Any CPU = Release|Any CPU
	EndGlobalSection
	GlobalSection(ProjectConfigurationPlatforms) = postSolution
		{64EC1A2F-2F9F-4505-9BB2-B1B20D3C1461}.Debug|Any CPU.ActiveCfg = Debug|Any CPU
		{64EC1A2F-2F9F-4505-9BB2-B1B20D3C1461}.Debug|Any CPU.Build.0 = Debug|Any CPU
		{64EC1A2F-2F9F-4505-9BB2-B1B20D3C1461}.Release|Any CPU.ActiveCfg = Release|Any CPU
		{64EC1A2F-2F9F-4505-9BB2-B1B20D3C1461}.Release|Any CPU.Build.0 = Release|Any CPU
		{2146F819-92E8-4A1E-9085-2B9126312F79}.Debug|Any CPU.ActiveCfg = Debug|Any CPU
		{2146F819-92E8-4A1E-9085-2B9126312F79}.Debug|Any CPU.Build.0 = Debug|Any CPU
		{2146F819-92E8-4A1E-9085-2B9126312F79}.Release|Any CPU.ActiveCfg = Release|Any CPU
		{2146F819-92E8-4A1E-9085-2B9126312F79}.Release|Any CPU.Build.0 = Release|Any CPU
		{060CE2EA-FFAE-4DBF-99EC-ED7D68E2D821}.Debug|Any CPU.ActiveCfg = Debug|Any CPU
		{060CE2EA-FFAE-4DBF-99EC-ED7D68E2D821}.Debug|Any CPU.Build.0 = Debug|Any CPU
		{060CE2EA-FFAE-4DBF-99EC-ED7D68E2D821}.Release|Any CPU.ActiveCfg = Release|Any CPU
		{060CE2EA-FFAE-4DBF-99EC-ED7D68E2D821}.Release|Any CPU.Build.0 = Release|Any CPU
		{F011298E-07EE-40B5-B185-482E2B3C6CE8}.Debug|Any CPU.ActiveCfg = Debug|Any CPU
		{F011298E-07EE-40B5-B185-482E2B3C6CE8}.Debug|Any CPU.Build.0 = Debug|Any CPU
		{F011298E-07EE-40B5-B185-482E2B3C6CE8}.Release|Any CPU.ActiveCfg = Release|Any CPU
		{F011298E-07EE-40B5-B185-482E2B3C6CE8}.Release|Any CPU.Build.0 = Release|Any CPU
		{536D443D-4EDA-4A45-995E-BB118996974D}.Debug|Any CPU.ActiveCfg = Debug|Any CPU
		{536D443D-4EDA-4A45-995E-BB118996974D}.Debug|Any CPU.Build.0 = Debug|Any CPU
		{536D443D-4EDA-4A45-995E-BB118996974D}.Release|Any CPU.ActiveCfg = Release|Any CPU
		{536D443D-4EDA-4A45-995E-BB118996974D}.Release|Any CPU.Build.0 = Release|Any CPU
		{0969A340-E2A2-4261-B3D5-09CB3CE50B99}.Debug|Any CPU.ActiveCfg = Debug|Any CPU
		{0969A340-E2A2-4261-B3D5-09CB3CE50B99}.Debug|Any CPU.Build.0 = Debug|Any CPU
		{0969A340-E2A2-4261-B3D5-09CB3CE50B99}.Release|Any CPU.ActiveCfg = Release|Any CPU
		{0969A340-E2A2-4261-B3D5-09CB3CE50B99}.Release|Any CPU.Build.0 = Release|Any CPU
		{CDF8E150-2C4E-42B0-B55B-E783265D0E18}.Debug|Any CPU.ActiveCfg = Debug|Any CPU
		{CDF8E150-2C4E-42B0-B55B-E783265D0E18}.Debug|Any CPU.Build.0 = Debug|Any CPU
		{CDF8E150-2C4E-42B0-B55B-E783265D0E18}.Release|Any CPU.ActiveCfg = Release|Any CPU
		{CDF8E150-2C4E-42B0-B55B-E783265D0E18}.Release|Any CPU.Build.0 = Release|Any CPU
		{868CB4C8-1656-4CB2-BDC5-E35EC2100999}.Debug|Any CPU.ActiveCfg = Debug|Any CPU
		{868CB4C8-1656-4CB2-BDC5-E35EC2100999}.Debug|Any CPU.Build.0 = Debug|Any CPU
		{868CB4C8-1656-4CB2-BDC5-E35EC2100999}.Release|Any CPU.ActiveCfg = Release|Any CPU
		{868CB4C8-1656-4CB2-BDC5-E35EC2100999}.Release|Any CPU.Build.0 = Release|Any CPU
		{2D460036-FA1F-439B-88A6-39A751B40850}.Debug|Any CPU.ActiveCfg = Debug|Any CPU
		{2D460036-FA1F-439B-88A6-39A751B40850}.Debug|Any CPU.Build.0 = Debug|Any CPU
		{2D460036-FA1F-439B-88A6-39A751B40850}.Release|Any CPU.ActiveCfg = Release|Any CPU
		{2D460036-FA1F-439B-88A6-39A751B40850}.Release|Any CPU.Build.0 = Release|Any CPU
		{D8399CFF-DD8D-4975-AC4D-F646D5F39B04}.Debug|Any CPU.ActiveCfg = Debug|Any CPU
		{D8399CFF-DD8D-4975-AC4D-F646D5F39B04}.Debug|Any CPU.Build.0 = Debug|Any CPU
		{D8399CFF-DD8D-4975-AC4D-F646D5F39B04}.Release|Any CPU.ActiveCfg = Release|Any CPU
		{D8399CFF-DD8D-4975-AC4D-F646D5F39B04}.Release|Any CPU.Build.0 = Release|Any CPU
		{F62FF846-742A-49F6-AD78-88E770C87B87}.Debug|Any CPU.ActiveCfg = Debug|Any CPU
		{F62FF846-742A-49F6-AD78-88E770C87B87}.Debug|Any CPU.Build.0 = Debug|Any CPU
		{F62FF846-742A-49F6-AD78-88E770C87B87}.Release|Any CPU.ActiveCfg = Release|Any CPU
		{F62FF846-742A-49F6-AD78-88E770C87B87}.Release|Any CPU.Build.0 = Release|Any CPU
		{E83471F5-3A1A-476D-AB91-8EB551D55492}.Debug|Any CPU.ActiveCfg = Debug|Any CPU
		{E83471F5-3A1A-476D-AB91-8EB551D55492}.Debug|Any CPU.Build.0 = Debug|Any CPU
		{E83471F5-3A1A-476D-AB91-8EB551D55492}.Release|Any CPU.ActiveCfg = Release|Any CPU
		{E83471F5-3A1A-476D-AB91-8EB551D55492}.Release|Any CPU.Build.0 = Release|Any CPU
		{9312403F-2E3B-4149-87CD-993F3BCF6546}.Debug|Any CPU.ActiveCfg = Debug|Any CPU
		{9312403F-2E3B-4149-87CD-993F3BCF6546}.Debug|Any CPU.Build.0 = Debug|Any CPU
		{9312403F-2E3B-4149-87CD-993F3BCF6546}.Release|Any CPU.ActiveCfg = Release|Any CPU
		{9312403F-2E3B-4149-87CD-993F3BCF6546}.Release|Any CPU.Build.0 = Release|Any CPU
		{859184F2-5355-4B56-B49B-F61EDC6DFDCB}.Debug|Any CPU.ActiveCfg = Debug|Any CPU
		{859184F2-5355-4B56-B49B-F61EDC6DFDCB}.Debug|Any CPU.Build.0 = Debug|Any CPU
		{859184F2-5355-4B56-B49B-F61EDC6DFDCB}.Release|Any CPU.ActiveCfg = Release|Any CPU
		{859184F2-5355-4B56-B49B-F61EDC6DFDCB}.Release|Any CPU.Build.0 = Release|Any CPU
		{606FFB98-B3F8-47DA-9077-1A90406D4524}.Debug|Any CPU.ActiveCfg = Debug|Any CPU
		{606FFB98-B3F8-47DA-9077-1A90406D4524}.Debug|Any CPU.Build.0 = Debug|Any CPU
		{606FFB98-B3F8-47DA-9077-1A90406D4524}.Release|Any CPU.ActiveCfg = Release|Any CPU
		{606FFB98-B3F8-47DA-9077-1A90406D4524}.Release|Any CPU.Build.0 = Release|Any CPU
		{71B68102-01C4-43B2-A76F-C38D154CAC4E}.Debug|Any CPU.ActiveCfg = Debug|Any CPU
		{71B68102-01C4-43B2-A76F-C38D154CAC4E}.Debug|Any CPU.Build.0 = Debug|Any CPU
		{71B68102-01C4-43B2-A76F-C38D154CAC4E}.Release|Any CPU.ActiveCfg = Release|Any CPU
		{71B68102-01C4-43B2-A76F-C38D154CAC4E}.Release|Any CPU.Build.0 = Release|Any CPU
		{A2F61F81-1456-4470-8AA5-A29E59A3152F}.Debug|Any CPU.ActiveCfg = Debug|Any CPU
		{A2F61F81-1456-4470-8AA5-A29E59A3152F}.Debug|Any CPU.Build.0 = Debug|Any CPU
		{A2F61F81-1456-4470-8AA5-A29E59A3152F}.Release|Any CPU.ActiveCfg = Release|Any CPU
		{A2F61F81-1456-4470-8AA5-A29E59A3152F}.Release|Any CPU.Build.0 = Release|Any CPU
		{92A02174-7F21-4827-8083-376049A55AC1}.Debug|Any CPU.ActiveCfg = Debug|Any CPU
		{92A02174-7F21-4827-8083-376049A55AC1}.Debug|Any CPU.Build.0 = Debug|Any CPU
		{92A02174-7F21-4827-8083-376049A55AC1}.Release|Any CPU.ActiveCfg = Release|Any CPU
		{92A02174-7F21-4827-8083-376049A55AC1}.Release|Any CPU.Build.0 = Release|Any CPU
	EndGlobalSection
	GlobalSection(SolutionProperties) = preSolution
		HideSolutionNode = FALSE
	EndGlobalSection
	GlobalSection(NestedProjects) = preSolution
		{64EC1A2F-2F9F-4505-9BB2-B1B20D3C1461} = {02EA681E-C7D8-13C7-8484-4AC65E1B71E8}
		{2146F819-92E8-4A1E-9085-2B9126312F79} = {02EA681E-C7D8-13C7-8484-4AC65E1B71E8}
		{060CE2EA-FFAE-4DBF-99EC-ED7D68E2D821} = {02EA681E-C7D8-13C7-8484-4AC65E1B71E8}
		{F011298E-07EE-40B5-B185-482E2B3C6CE8} = {9C4EDCDA-D33C-435E-96E5-E0BB0AD52DC9}
		{536D443D-4EDA-4A45-995E-BB118996974D} = {9C4EDCDA-D33C-435E-96E5-E0BB0AD52DC9}
		{0969A340-E2A2-4261-B3D5-09CB3CE50B99} = {9C4EDCDA-D33C-435E-96E5-E0BB0AD52DC9}
		{CDF8E150-2C4E-42B0-B55B-E783265D0E18} = {CE10B437-3307-4A2A-8949-DCA5177787DB}
		{868CB4C8-1656-4CB2-BDC5-E35EC2100999} = {CE10B437-3307-4A2A-8949-DCA5177787DB}
		{2D460036-FA1F-439B-88A6-39A751B40850} = {CE10B437-3307-4A2A-8949-DCA5177787DB}
		{D8399CFF-DD8D-4975-AC4D-F646D5F39B04} = {AF202448-6A78-4D4E-A09D-B57A9C9DCA6B}
		{F62FF846-742A-49F6-AD78-88E770C87B87} = {AF202448-6A78-4D4E-A09D-B57A9C9DCA6B}
		{E83471F5-3A1A-476D-AB91-8EB551D55492} = {AF202448-6A78-4D4E-A09D-B57A9C9DCA6B}
		{9312403F-2E3B-4149-87CD-993F3BCF6546} = {A02032D9-FD97-46C7-947B-A0C48794253F}
		{859184F2-5355-4B56-B49B-F61EDC6DFDCB} = {A02032D9-FD97-46C7-947B-A0C48794253F}
		{606FFB98-B3F8-47DA-9077-1A90406D4524} = {A02032D9-FD97-46C7-947B-A0C48794253F}
		{71B68102-01C4-43B2-A76F-C38D154CAC4E} = {04264776-5B4E-4B85-871E-86338C236CF7}
		{A2F61F81-1456-4470-8AA5-A29E59A3152F} = {04264776-5B4E-4B85-871E-86338C236CF7}
		{92A02174-7F21-4827-8083-376049A55AC1} = {04264776-5B4E-4B85-871E-86338C236CF7}
	EndGlobalSection
	GlobalSection(ExtensibilityGlobals) = postSolution
		SolutionGuid = {2BE93EC4-BFEA-48E6-A3D1-7C5384EFEBE7}
	EndGlobalSection
EndGlobal
